
Microsoft Visual Studio Solution File, Format Version 12.00
# Visual Studio Version 17
VisualStudioVersion = 17.5.33516.290
MinimumVisualStudioVersion = 10.0.40219.1
Project("{FAE04EC0-301F-11D3-BF4B-00C04F79EFBC}") = "THubWorkerService", "THubWorkerService.csproj", "{C7E5B744-0FD8-4A93-A252-10176B8B9F95}"
EndProject
Global
	GlobalSection(SolutionConfigurationPlatforms) = preSolution
		Debug|Any CPU = Debug|Any CPU
		Release|Any CPU = Release|Any CPU
	EndGlobalSection
	GlobalSection(ProjectConfigurationPlatforms) = postSolution
		{C7E5B744-0FD8-4A93-A252-10176B8B9F95}.Debug|Any CPU.ActiveCfg = Debug|Any CPU
		{C7E5B744-0FD8-4A93-A252-10176B8B9F95}.Debug|Any CPU.Build.0 = Debug|Any CPU
		{C7E5B744-0FD8-4A93-A252-10176B8B9F95}.Release|Any CPU.ActiveCfg = Release|Any CPU
		{C7E5B744-0FD8-4A93-A252-10176B8B9F95}.Release|Any CPU.Build.0 = Release|Any CPU
	EndGlobalSection
	GlobalSection(SolutionProperties) = preSolution
		HideSolutionNode = FALSE
	EndGlobalSection
	GlobalSection(ExtensibilityGlobals) = postSolution
		SolutionGuid = {ADBC1191-5463-4B5E-BA32-50F6396F9E82}
	EndGlobalSection
EndGlobal
